{
  "name": "nodefirst",
  "version": "1.0.0",
  "lockfileVersion": 2,
  "requires": true,
  "packages": {
    "": {
      "name": "nodefirst",
      "version": "1.0.0",
      "license": "ISC",
      "dependencies": {
        "ascii-table": "^0.0.9",
        "csvjson": "^5.1.0",
        "dotenv": "^16.3.1",
        "fs": "^0.0.1-security",
        "prime-number-check": "^1.0.1",
        "txt-csv-to-json": "^1.0.1"
      }
    },
    "node_modules/ascii-table": {
      "version": "0.0.9",
      "resolved": "https://registry.npmjs.org/ascii-table/-/ascii-table-0.0.9.tgz",
      "integrity": "sha512-xpkr6sCDIYTPqzvjG8M3ncw1YOTaloWZOyrUmicoEifBEKzQzt+ooUpRpQ/AbOoJfO/p2ZKiyp79qHThzJDulQ=="
    },
    "node_modules/csvjson": {
      "version": "5.1.0",
      "resolved": "https://registry.npmjs.org/csvjson/-/csvjson-5.1.0.tgz",
      "integrity": "sha512-OqALQHA0k2rEGluOWikwFq5qtkRUDyoWP2u0UJy8uFjFx5FPMjPzx7D2Hn2KjBLpc8jkGrT9HDNgTUfopDlqVg=="
    },
    "node_modules/dotenv": {
      "version": "16.3.1",
      "resolved": "https://registry.npmjs.org/dotenv/-/dotenv-16.3.1.tgz",
      "integrity": "sha512-IPzF4w4/Rd94bA9imS68tZBaYyBWSCE47V1RGuMrB94iyTOIEwRmVL2x/4An+6mETpLrKJ5hQkB8W4kFAadeIQ==",
      "engines": {
        "node": ">=12"
      },
      "funding": {
        "url": "https://github.com/motdotla/dotenv?sponsor=1"
      }
    },
    "node_modules/fs": {
      "version": "0.0.1-security",
      "resolved": "https://registry.npmjs.org/fs/-/fs-0.0.1-security.tgz",
      "integrity": "sha512-3XY9e1pP0CVEUCdj5BmfIZxRBTSDycnbqhIOGec9QYtmVH2fbLpj86CFWkrNOkt/Fvty4KZG5lTglL9j/gJ87w=="
    },
    "node_modules/prime-number-check": {
      "version": "1.0.1",
      "resolved": "https://registry.npmjs.org/prime-number-check/-/prime-number-check-1.0.1.tgz",
      "integrity": "sha512-Wa6LwvNlkuh3rmbjdsheMAtR0SifxeGbdpHGEvCz3VOe6uivf1shXxzA9KlSAbyuiixyaiYELhJ5NbdVyy1wOw=="
    },
    "node_modules/txt-csv-to-json": {
      "version": "1.0.1",
      "resolved": "https://registry.npmjs.org/txt-csv-to-json/-/txt-csv-to-json-1.0.1.tgz",
      "integrity": "sha512-aEXe6ISLHcJuzoB/0HuDwMtVmitWXyo2I2hzHTMVAZ4iVFdpb+3eRWjxrpDh6j5LHva6TgAT9D4v96k0IIADKQ=="
    }
  },
  "dependencies": {
    "ascii-table": {
      "version": "0.0.9",
      "resolved": "https://registry.npmjs.org/ascii-table/-/ascii-table-0.0.9.tgz",
      "integrity": "sha512-xpkr6sCDIYTPqzvjG8M3ncw1YOTaloWZOyrUmicoEifBEKzQzt+ooUpRpQ/AbOoJfO/p2ZKiyp79qHThzJDulQ=="
    },
    "csvjson": {
      "version": "5.1.0",
      "resolved": "https://registry.npmjs.org/csvjson/-/csvjson-5.1.0.tgz",
      "integrity": "sha512-OqALQHA0k2rEGluOWikwFq5qtkRUDyoWP2u0UJy8uFjFx5FPMjPzx7D2Hn2KjBLpc8jkGrT9HDNgTUfopDlqVg=="
    },
    "dotenv": {
      "version": "16.3.1",
      "resolved": "https://registry.npmjs.org/dotenv/-/dotenv-16.3.1.tgz",
      "integrity": "sha512-IPzF4w4/Rd94bA9imS68tZBaYyBWSCE47V1RGuMrB94iyTOIEwRmVL2x/4An+6mETpLrKJ5hQkB8W4kFAadeIQ=="
    },
    "fs": {
      "version": "0.0.1-security",
      "resolved": "https://registry.npmjs.org/fs/-/fs-0.0.1-security.tgz",
      "integrity": "sha512-3XY9e1pP0CVEUCdj5BmfIZxRBTSDycnbqhIOGec9QYtmVH2fbLpj86CFWkrNOkt/Fvty4KZG5lTglL9j/gJ87w=="
    },
    "prime-number-check": {
      "version": "1.0.1",
      "resolved": "https://registry.npmjs.org/prime-number-check/-/prime-number-check-1.0.1.tgz",
      "integrity": "sha512-Wa6LwvNlkuh3rmbjdsheMAtR0SifxeGbdpHGEvCz3VOe6uivf1shXxzA9KlSAbyuiixyaiYELhJ5NbdVyy1wOw=="
    },
    "txt-csv-to-json": {
      "version": "1.0.1",
      "resolved": "https://registry.npmjs.org/txt-csv-to-json/-/txt-csv-to-json-1.0.1.tgz",
      "integrity": "sha512-aEXe6ISLHcJuzoB/0HuDwMtVmitWXyo2I2hzHTMVAZ4iVFdpb+3eRWjxrpDh6j5LHva6TgAT9D4v96k0IIADKQ=="
    }
  }
}
